
Microsoft Visual Studio Solution File, Format Version 12.00
# Visual Studio Version 16
VisualStudioVersion = 16.0.30517.126
MinimumVisualStudioVersion = 10.0.40219.1
Project("{FAE04EC0-301F-11D3-BF4B-00C04F79EFBC}") = "eShopSolutionWebApp", "eShopSolutionWebApp\eShopSolutionWebApp.csproj", "{B5265F45-B593-4C29-9D2D-B11CDDD5E5FE}"
EndProject
Global
	GlobalSection(SolutionConfigurationPlatforms) = preSolution
		Debug|Any CPU = Debug|Any CPU
		Release|Any CPU = Release|Any CPU
	EndGlobalSection
	GlobalSection(ProjectConfigurationPlatforms) = postSolution
		{B5265F45-B593-4C29-9D2D-B11CDDD5E5FE}.Debug|Any CPU.ActiveCfg = Debug|Any CPU
		{B5265F45-B593-4C29-9D2D-B11CDDD5E5FE}.Debug|Any CPU.Build.0 = Debug|Any CPU
		{B5265F45-B593-4C29-9D2D-B11CDDD5E5FE}.Release|Any CPU.ActiveCfg = Release|Any CPU
		{B5265F45-B593-4C29-9D2D-B11CDDD5E5FE}.Release|Any CPU.Build.0 = Release|Any CPU
	EndGlobalSection
	GlobalSection(SolutionProperties) = preSolution
		HideSolutionNode = FALSE
	EndGlobalSection
	GlobalSection(ExtensibilityGlobals) = postSolution
		SolutionGuid = {A5A5A9B9-D379-4ACE-828B-A62AF1925A65}
	EndGlobalSection
EndGlobal
